
Microsoft Visual Studio Solution File, Format Version 12.00
# Visual Studio 15
VisualStudioVersion = 15.0.27130.2027
MinimumVisualStudioVersion = 10.0.40219.1
Project("{FAE04EC0-301F-11D3-BF4B-00C04F79EFBC}") = "MB_Webserver", "MB_Webserver\MB_Webserver.csproj", "{98D64B25-9B4E-4503-A2CE-F78833E22965}"
EndProject
Project("{911E67C6-3D85-4FCE-B560-20A9C3E3FF48}") = "MusicBee", "C:\Program Files (x86)\MusicBee\MusicBee.exe", "{407967AE-3F59-435C-A4BF-821B04896729}"
	ProjectSection(DebuggerProjectSystem) = preProject
		PortSupplier = 00000000-0000-0000-0000-000000000000
		Executable = C:\Program Files (x86)\MusicBee\MusicBee.exe
		RemoteMachine = AVIK-PC
		StartingDirectory = C:\Program Files (x86)\MusicBee
		Environment = Default
		LaunchingEngine = 00000000-0000-0000-0000-000000000000
		UseLegacyDebugEngines = No
		LaunchSQLEngine = No
		AttachLaunchAction = No
	EndProjectSection
EndProject
Project("{FAE04EC0-301F-11D3-BF4B-00C04F79EFBC}") = "SuperfastBlur", "..\superfastblur-master\SuperfastBlur\SuperfastBlur.csproj", "{956AE992-662A-48C7-B079-890CA3E15A0B}"
EndProject
Global
	GlobalSection(SolutionConfigurationPlatforms) = preSolution
		Debug|Any CPU = Debug|Any CPU
		Debug|x86 = Debug|x86
		Release|Any CPU = Release|Any CPU
		Release|x86 = Release|x86
	EndGlobalSection
	GlobalSection(ProjectConfigurationPlatforms) = postSolution
		{98D64B25-9B4E-4503-A2CE-F78833E22965}.Debug|Any CPU.ActiveCfg = Debug|Any CPU
		{98D64B25-9B4E-4503-A2CE-F78833E22965}.Debug|Any CPU.Build.0 = Debug|Any CPU
		{98D64B25-9B4E-4503-A2CE-F78833E22965}.Debug|x86.ActiveCfg = Debug|Any CPU
		{98D64B25-9B4E-4503-A2CE-F78833E22965}.Debug|x86.Build.0 = Debug|Any CPU
		{98D64B25-9B4E-4503-A2CE-F78833E22965}.Release|Any CPU.ActiveCfg = Debug|Any CPU
		{98D64B25-9B4E-4503-A2CE-F78833E22965}.Release|Any CPU.Build.0 = Debug|Any CPU
		{98D64B25-9B4E-4503-A2CE-F78833E22965}.Release|x86.ActiveCfg = Release|Any CPU
		{98D64B25-9B4E-4503-A2CE-F78833E22965}.Release|x86.Build.0 = Release|Any CPU
		{407967AE-3F59-435C-A4BF-821B04896729}.Debug|Any CPU.ActiveCfg = Release|x86
		{407967AE-3F59-435C-A4BF-821B04896729}.Debug|x86.ActiveCfg = Release|x86
		{407967AE-3F59-435C-A4BF-821B04896729}.Release|Any CPU.ActiveCfg = Release|x86
		{407967AE-3F59-435C-A4BF-821B04896729}.Release|x86.ActiveCfg = Release|x86
		{956AE992-662A-48C7-B079-890CA3E15A0B}.Debug|Any CPU.ActiveCfg = Debug|Any CPU
		{956AE992-662A-48C7-B079-890CA3E15A0B}.Debug|Any CPU.Build.0 = Debug|Any CPU
		{956AE992-662A-48C7-B079-890CA3E15A0B}.Debug|x86.ActiveCfg = Debug|Any CPU
		{956AE992-662A-48C7-B079-890CA3E15A0B}.Debug|x86.Build.0 = Debug|Any CPU
		{956AE992-662A-48C7-B079-890CA3E15A0B}.Release|Any CPU.ActiveCfg = Release|Any CPU
		{956AE992-662A-48C7-B079-890CA3E15A0B}.Release|Any CPU.Build.0 = Release|Any CPU
		{956AE992-662A-48C7-B079-890CA3E15A0B}.Release|x86.ActiveCfg = Release|Any CPU
		{956AE992-662A-48C7-B079-890CA3E15A0B}.Release|x86.Build.0 = Release|Any CPU
	EndGlobalSection
	GlobalSection(SolutionProperties) = preSolution
		HideSolutionNode = FALSE
	EndGlobalSection
	GlobalSection(ExtensibilityGlobals) = postSolution
		SolutionGuid = {88964831-7E20-41BA-9BAC-AF64C08EB3F7}
	EndGlobalSection
EndGlobal
